// !$*UTF8*$!
{
	archiveVersion = 1;
	classes = {
	};
	objectVersion = 51;
	objects = {

/* Begin PBXBuildFile section */
		106CC2027AC8367513652455 /* Pods_ParseChatTests.framework in Frameworks */ = {isa = PBXBuildFile; fileRef = A5E8E6125679627E95607A2D /* Pods_ParseChatTests.framework */; };
		5F6BFF39D64FA7FC7C482C06 /* Pods_ParseChatUITests.framework in Frameworks */ = {isa = PBXBuildFile; fileRef = CF8F7AE81C2152E57FBADAB0 /* Pods_ParseChatUITests.framework */; };
		94AA806DD0237ED6F1554913 /* Pods_ParseChat.framework in Frameworks */ = {isa = PBXBuildFile; fileRef = 9C37E2439CD23EFBAEC537A9 /* Pods_ParseChat.framework */; };
		ED3FF69E22837C2300A70714 /* CameraViewController.swift in Sources */ = {isa = PBXBuildFile; fileRef = ED3FF69D22837C2300A70714 /* CameraViewController.swift */; };
		ED3FF6A32283F43800A70714 /* PostCell.swift in Sources */ = {isa = PBXBuildFile; fileRef = ED3FF6A22283F43800A70714 /* PostCell.swift */; };
		ED4F3FC82281031B006E9D41 /* AppDelegate.swift in Sources */ = {isa = PBXBuildFile; fileRef = ED4F3FC72281031B006E9D41 /* AppDelegate.swift */; };
		ED4F3FCA2281031B006E9D41 /* LoginViewController.swift in Sources */ = {isa = PBXBuildFile; fileRef = ED4F3FC92281031B006E9D41 /* LoginViewController.swift */; };
		ED4F3FCD2281031B006E9D41 /* Main.storyboard in Resources */ = {isa = PBXBuildFile; fileRef = ED4F3FCB2281031B006E9D41 /* Main.storyboard */; };
		ED4F3FCF2281031D006E9D41 /* Assets.xcassets in Resources */ = {isa = PBXBuildFile; fileRef = ED4F3FCE2281031D006E9D41 /* Assets.xcassets */; };
		ED4F3FD22281031D006E9D41 /* LaunchScreen.storyboard in Resources */ = {isa = PBXBuildFile; fileRef = ED4F3FD02281031D006E9D41 /* LaunchScreen.storyboard */; };
		ED4F3FDD2281031E006E9D41 /* ParseChatTests.swift in Sources */ = {isa = PBXBuildFile; fileRef = ED4F3FDC2281031E006E9D41 /* ParseChatTests.swift */; };
		ED4F3FE82281031E006E9D41 /* ParseChatUITests.swift in Sources */ = {isa = PBXBuildFile; fileRef = ED4F3FE72281031E006E9D41 /* ParseChatUITests.swift */; };
		ED7E3D0B228642CA00895B55 /* CommentCell.swift in Sources */ = {isa = PBXBuildFile; fileRef = ED7E3D0A228642CA00895B55 /* CommentCell.swift */; };
		ED961FAA22861A4E00C45072 /* Constants.swift in Sources */ = {isa = PBXBuildFile; fileRef = ED961FA922861A4E00C45072 /* Constants.swift */; };
		EDC9CF3F228144B100EF000F /* FeedViewController.swift in Sources */ = {isa = PBXBuildFile; fileRef = EDC9CF3E228144B100EF000F /* FeedViewController.swift */; };
/* End PBXBuildFile section */

/* Begin PBXContainerItemProxy section */
		ED4F3FD92281031E006E9D41 /* PBXContainerItemProxy */ = {
			isa = PBXContainerItemProxy;
			containerPortal = ED4F3FBC2281031A006E9D41 /* Project object */;
			proxyType = 1;
			remoteGlobalIDString = ED4F3FC32281031B006E9D41;
			remoteInfo = ParseChat;
		};
		ED4F3FE42281031E006E9D41 /* PBXContainerItemProxy */ = {
			isa = PBXContainerItemProxy;
			containerPortal = ED4F3FBC2281031A006E9D41 /* Project object */;
			proxyType = 1;
			remoteGlobalIDString = ED4F3FC32281031B006E9D41;
			remoteInfo = ParseChat;
		};
/* End PBXContainerItemProxy section */

/* Begin PBXFileReference section */
		6E8E99018A1C32B0EE569970 /* Pods-ParseChatUITests.release.xcconfig */ = {isa = PBXFileReference; includeInIndex = 1; lastKnownFileType = text.xcconfig; name = "Pods-ParseChatUITests.release.xcconfig"; path = "Target Support Files/Pods-ParseChatUITests/Pods-ParseChatUITests.release.xcconfig"; sourceTree = "<group>"; };
		7D2E2D4CC7D271488B71FD46 /* Pods-ParseChatUITests.debug.xcconfig */ = {isa = PBXFileReference; includeInIndex = 1; lastKnownFileType = text.xcconfig; name = "Pods-ParseChatUITests.debug.xcconfig"; path = "Target Support Files/Pods-ParseChatUITests/Pods-ParseChatUITests.debug.xcconfig"; sourceTree = "<group>"; };
		9C37E2439CD23EFBAEC537A9 /* Pods_ParseChat.framework */ = {isa = PBXFileReference; explicitFileType = wrapper.framework; includeInIndex = 0; path = Pods_ParseChat.framework; sourceTree = BUILT_PRODUCTS_DIR; };
		A5E8E6125679627E95607A2D /* Pods_ParseChatTests.framework */ = {isa = PBXFileReference; explicitFileType = wrapper.framework; includeInIndex = 0; path = Pods_ParseChatTests.framework; sourceTree = BUILT_PRODUCTS_DIR; };
		C520A1816A2071075D2A69FE /* Pods-ParseChatTests.release.xcconfig */ = {isa = PBXFileReference; includeInIndex = 1; lastKnownFileType = text.xcconfig; name = "Pods-ParseChatTests.release.xcconfig"; path = "Target Support Files/Pods-ParseChatTests/Pods-ParseChatTests.release.xcconfig"; sourceTree = "<group>"; };
		CF8F7AE81C2152E57FBADAB0 /* Pods_ParseChatUITests.framework */ = {isa = PBXFileReference; explicitFileType = wrapper.framework; includeInIndex = 0; path = Pods_ParseChatUITests.framework; sourceTree = BUILT_PRODUCTS_DIR; };
		E12919BA3FA8725561D7A735 /* Pods-ParseChatTests.debug.xcconfig */ = {isa = PBXFileReference; includeInIndex = 1; lastKnownFileType = text.xcconfig; name = "Pods-ParseChatTests.debug.xcconfig"; path = "Target Support Files/Pods-ParseChatTests/Pods-ParseChatTests.debug.xcconfig"; sourceTree = "<group>"; };
		EA4B9F79B38EFF31FC1108CA /* Pods-ParseChat.release.xcconfig */ = {isa = PBXFileReference; includeInIndex = 1; lastKnownFileType = text.xcconfig; name = "Pods-ParseChat.release.xcconfig"; path = "Target Support Files/Pods-ParseChat/Pods-ParseChat.release.xcconfig"; sourceTree = "<group>"; };
		ED1E86032286235100D374AA /* Info.plist */ = {isa = PBXFileReference; fileEncoding = 4; lastKnownFileType = text.plist.xml; path = Info.plist; sourceTree = "<group>"; };
		ED3FF69D22837C2300A70714 /* CameraViewController.swift */ = {isa = PBXFileReference; lastKnownFileType = sourcecode.swift; path = CameraViewController.swift; sourceTree = "<group>"; };
		ED3FF6A22283F43800A70714 /* PostCell.swift */ = {isa = PBXFileReference; lastKnownFileType = sourcecode.swift; path = PostCell.swift; sourceTree = "<group>"; };
		ED4F3FC42281031B006E9D41 /* ParseChat.app */ = {isa = PBXFileReference; explicitFileType = wrapper.application; includeInIndex = 0; path = ParseChat.app; sourceTree = BUILT_PRODUCTS_DIR; };
		ED4F3FC72281031B006E9D41 /* AppDelegate.swift */ = {isa = PBXFileReference; lastKnownFileType = sourcecode.swift; path = AppDelegate.swift; sourceTree = "<group>"; };
		ED4F3FC92281031B006E9D41 /* LoginViewController.swift */ = {isa = PBXFileReference; lastKnownFileType = sourcecode.swift; path = LoginViewController.swift; sourceTree = "<group>"; };
		ED4F3FCC2281031B006E9D41 /* Base */ = {isa = PBXFileReference; lastKnownFileType = file.storyboard; name = Base; path = Base.lproj/Main.storyboard; sourceTree = "<group>"; };
		ED4F3FCE2281031D006E9D41 /* Assets.xcassets */ = {isa = PBXFileReference; lastKnownFileType = folder.assetcatalog; path = Assets.xcassets; sourceTree = "<group>"; };
		ED4F3FD12281031D006E9D41 /* Base */ = {isa = PBXFileReference; lastKnownFileType = file.storyboard; name = Base; path = Base.lproj/LaunchScreen.storyboard; sourceTree = "<group>"; };
		ED4F3FD82281031E006E9D41 /* ParseChatTests.xctest */ = {isa = PBXFileReference; explicitFileType = wrapper.cfbundle; includeInIndex = 0; path = ParseChatTests.xctest; sourceTree = BUILT_PRODUCTS_DIR; };
		ED4F3FDC2281031E006E9D41 /* ParseChatTests.swift */ = {isa = PBXFileReference; lastKnownFileType = sourcecode.swift; path = ParseChatTests.swift; sourceTree = "<group>"; };
		ED4F3FDE2281031E006E9D41 /* Info.plist */ = {isa = PBXFileReference; lastKnownFileType = text.plist.xml; path = Info.plist; sourceTree = "<group>"; };
		ED4F3FE32281031E006E9D41 /* ParseChatUITests.xctest */ = {isa = PBXFileReference; explicitFileType = wrapper.cfbundle; includeInIndex = 0; path = ParseChatUITests.xctest; sourceTree = BUILT_PRODUCTS_DIR; };
		ED4F3FE72281031E006E9D41 /* ParseChatUITests.swift */ = {isa = PBXFileReference; lastKnownFileType = sourcecode.swift; path = ParseChatUITests.swift; sourceTree = "<group>"; };
		ED4F3FE92281031E006E9D41 /* Info.plist */ = {isa = PBXFileReference; lastKnownFileType = text.plist.xml; path = Info.plist; sourceTree = "<group>"; };
		ED7E3D0A228642CA00895B55 /* CommentCell.swift */ = {isa = PBXFileReference; lastKnownFileType = sourcecode.swift; path = CommentCell.swift; sourceTree = "<group>"; };
		ED961FA922861A4E00C45072 /* Constants.swift */ = {isa = PBXFileReference; lastKnownFileType = sourcecode.swift; path = Constants.swift; sourceTree = "<group>"; };
		EDC9CF3E228144B100EF000F /* FeedViewController.swift */ = {isa = PBXFileReference; lastKnownFileType = sourcecode.swift; path = FeedViewController.swift; sourceTree = "<group>"; };
		EEE80DA9DFE268F9BE88AB3B /* Pods-ParseChat.debug.xcconfig */ = {isa = PBXFileReference; includeInIndex = 1; lastKnownFileType = text.xcconfig; name = "Pods-ParseChat.debug.xcconfig"; path = "Target Support Files/Pods-ParseChat/Pods-ParseChat.debug.xcconfig"; sourceTree = "<group>"; };
/* End PBXFileReference section */

/* Begin PBXFrameworksBuildPhase section */
		ED4F3FC12281031B006E9D41 /* Frameworks */ = {
			isa = PBXFrameworksBuildPhase;
			buildActionMask = 2147483647;
			files = (
				94AA806DD0237ED6F1554913 /* Pods_ParseChat.framework in Frameworks */,
			);
			runOnlyForDeploymentPostprocessing = 0;
		};
		ED4F3FD52281031D006E9D41 /* Frameworks */ = {
			isa = PBXFrameworksBuildPhase;
			buildActionMask = 2147483647;
			files = (
				106CC2027AC8367513652455 /* Pods_ParseChatTests.framework in Frameworks */,
			);
			runOnlyForDeploymentPostprocessing = 0;
		};
		ED4F3FE02281031E006E9D41 /* Frameworks */ = {
			isa = PBXFrameworksBuildPhase;
			buildActionMask = 2147483647;
			files = (
				5F6BFF39D64FA7FC7C482C06 /* Pods_ParseChatUITests.framework in Frameworks */,
			);
			runOnlyForDeploymentPostprocessing = 0;
		};
/* End PBXFrameworksBuildPhase section */

/* Begin PBXGroup section */
		52AF7BFC26D63D3A2735CDE1 /* Pods */ = {
			isa = PBXGroup;
			children = (
				EEE80DA9DFE268F9BE88AB3B /* Pods-ParseChat.debug.xcconfig */,
				EA4B9F79B38EFF31FC1108CA /* Pods-ParseChat.release.xcconfig */,
				E12919BA3FA8725561D7A735 /* Pods-ParseChatTests.debug.xcconfig */,
				C520A1816A2071075D2A69FE /* Pods-ParseChatTests.release.xcconfig */,
				7D2E2D4CC7D271488B71FD46 /* Pods-ParseChatUITests.debug.xcconfig */,
				6E8E99018A1C32B0EE569970 /* Pods-ParseChatUITests.release.xcconfig */,
			);
			path = Pods;
			sourceTree = "<group>";
		};
		B7524B04C23A47A2BC16B131 /* Frameworks */ = {
			isa = PBXGroup;
			children = (
				9C37E2439CD23EFBAEC537A9 /* Pods_ParseChat.framework */,
				A5E8E6125679627E95607A2D /* Pods_ParseChatTests.framework */,
				CF8F7AE81C2152E57FBADAB0 /* Pods_ParseChatUITests.framework */,
			);
			name = Frameworks;
			sourceTree = "<group>";
		};
		ED3FF6A12283F2BD00A70714 /* Cells */ = {
			isa = PBXGroup;
			children = (
				ED3FF6A22283F43800A70714 /* PostCell.swift */,
				ED7E3D0A228642CA00895B55 /* CommentCell.swift */,
			);
			path = Cells;
			sourceTree = "<group>";
		};
		ED4F3FBB2281031A006E9D41 = {
			isa = PBXGroup;
			children = (
				ED4F3FC62281031B006E9D41 /* ParseChat */,
				EDC9CF43228144C200EF000F /* Models */,
				ED4F3FDB2281031E006E9D41 /* ParseChatTests */,
				ED4F3FE62281031E006E9D41 /* ParseChatUITests */,
				ED4F3FC52281031B006E9D41 /* Products */,
				52AF7BFC26D63D3A2735CDE1 /* Pods */,
				B7524B04C23A47A2BC16B131 /* Frameworks */,
			);
			sourceTree = "<group>";
		};
		ED4F3FC52281031B006E9D41 /* Products */ = {
			isa = PBXGroup;
			children = (
				ED4F3FC42281031B006E9D41 /* ParseChat.app */,
				ED4F3FD82281031E006E9D41 /* ParseChatTests.xctest */,
				ED4F3FE32281031E006E9D41 /* ParseChatUITests.xctest */,
			);
			name = Products;
			sourceTree = "<group>";
		};
		ED4F3FC62281031B006E9D41 /* ParseChat */ = {
			isa = PBXGroup;
			children = (
				ED1E86032286235100D374AA /* Info.plist */,
				ED7E3D0722862A6900895B55 /* Structs */,
				ED3FF6A12283F2BD00A70714 /* Cells */,
				EDC9CF42228144C000EF000F /* Storyboards */,
				EDC9CF41228144BD00EF000F /* Helpers */,
				EDC9CF40228144BA00EF000F /* Controllers */,
			);
			path = ParseChat;
			sourceTree = "<group>";
		};
		ED4F3FDB2281031E006E9D41 /* ParseChatTests */ = {
			isa = PBXGroup;
			children = (
				ED4F3FDC2281031E006E9D41 /* ParseChatTests.swift */,
				ED4F3FDE2281031E006E9D41 /* Info.plist */,
			);
			path = ParseChatTests;
			sourceTree = "<group>";
		};
		ED4F3FE62281031E006E9D41 /* ParseChatUITests */ = {
			isa = PBXGroup;
			children = (
				ED4F3FE72281031E006E9D41 /* ParseChatUITests.swift */,
				ED4F3FE92281031E006E9D41 /* Info.plist */,
			);
			path = ParseChatUITests;
			sourceTree = "<group>";
		};
		ED7E3D0722862A6900895B55 /* Structs */ = {
			isa = PBXGroup;
			children = (
				ED961FA922861A4E00C45072 /* Constants.swift */,
			);
			path = Structs;
			sourceTree = "<group>";
		};
		EDC9CF40228144BA00EF000F /* Controllers */ = {
			isa = PBXGroup;
			children = (
				EDC9CF3E228144B100EF000F /* FeedViewController.swift */,
				ED4F3FC92281031B006E9D41 /* LoginViewController.swift */,
				ED3FF69D22837C2300A70714 /* CameraViewController.swift */,
			);
			path = Controllers;
			sourceTree = "<group>";
		};
		EDC9CF41228144BD00EF000F /* Helpers */ = {
			isa = PBXGroup;
			children = (
				ED4F3FCE2281031D006E9D41 /* Assets.xcassets */,
				ED4F3FC72281031B006E9D41 /* AppDelegate.swift */,
			);
			path = Helpers;
			sourceTree = "<group>";
		};
		EDC9CF42228144C000EF000F /* Storyboards */ = {
			isa = PBXGroup;
			children = (
				ED4F3FD02281031D006E9D41 /* LaunchScreen.storyboard */,
				ED4F3FCB2281031B006E9D41 /* Main.storyboard */,
			);
			path = Storyboards;
			sourceTree = "<group>";
		};
		EDC9CF43228144C200EF000F /* Models */ = {
			isa = PBXGroup;
			children = (
			);
			path = Models;
			sourceTree = "<group>";
		};
/* End PBXGroup section */

/* Begin PBXNativeTarget section */
		ED4F3FC32281031B006E9D41 /* ParseChat */ = {
			isa = PBXNativeTarget;
			buildConfigurationList = ED4F3FEC2281031E006E9D41 /* Build configuration list for PBXNativeTarget "ParseChat" */;
			buildPhases = (
				3BB0F9898E70B1A131146BEF /* [CP] Check Pods Manifest.lock */,
				ED4F3FC02281031B006E9D41 /* Sources */,
				ED4F3FC12281031B006E9D41 /* Frameworks */,
				ED4F3FC22281031B006E9D41 /* Resources */,
				264B3371FC6E4353A1D37EB3 /* [CP] Embed Pods Frameworks */,
			);
			buildRules = (
			);
			dependencies = (
			);
			name = ParseChat;
			productName = ParseChat;
			productReference = ED4F3FC42281031B006E9D41 /* ParseChat.app */;
			productType = "com.apple.product-type.application";
		};
		ED4F3FD72281031D006E9D41 /* ParseChatTests */ = {
			isa = PBXNativeTarget;
			buildConfigurationList = ED4F3FEF2281031E006E9D41 /* Build configuration list for PBXNativeTarget "ParseChatTests" */;
			buildPhases = (
				BA2A12633FEBFED6CDD4EA86 /* [CP] Check Pods Manifest.lock */,
				ED4F3FD42281031D006E9D41 /* Sources */,
				ED4F3FD52281031D006E9D41 /* Frameworks */,
				ED4F3FD62281031D006E9D41 /* Resources */,
			);
			buildRules = (
			);
			dependencies = (
				ED4F3FDA2281031E006E9D41 /* PBXTargetDependency */,
			);
			name = ParseChatTests;
			productName = ParseChatTests;
			productReference = ED4F3FD82281031E006E9D41 /* ParseChatTests.xctest */;
			productType = "com.apple.product-type.bundle.unit-test";
		};
		ED4F3FE22281031E006E9D41 /* ParseChatUITests */ = {
			isa = PBXNativeTarget;
			buildConfigurationList = ED4F3FF22281031E006E9D41 /* Build configuration list for PBXNativeTarget "ParseChatUITests" */;
			buildPhases = (
				4A5C625C88EB2FC801F15493 /* [CP] Check Pods Manifest.lock */,
				ED4F3FDF2281031E006E9D41 /* Sources */,
				ED4F3FE02281031E006E9D41 /* Frameworks */,
				ED4F3FE12281031E006E9D41 /* Resources */,
			);
			buildRules = (
			);
			dependencies = (
				ED4F3FE52281031E006E9D41 /* PBXTargetDependency */,
			);
			name = ParseChatUITests;
			productName = ParseChatUITests;
			productReference = ED4F3FE32281031E006E9D41 /* ParseChatUITests.xctest */;
			productType = "com.apple.product-type.bundle.ui-testing";
		};
/* End PBXNativeTarget section */

/* Begin PBXProject section */
		ED4F3FBC2281031A006E9D41 /* Project object */ = {
			isa = PBXProject;
			attributes = {
				LastSwiftUpdateCheck = 1020;
				LastUpgradeCheck = 1020;
				ORGANIZATIONNAME = "Darrel Muonekwu";
				TargetAttributes = {
					ED4F3FC32281031B006E9D41 = {
						CreatedOnToolsVersion = 10.2.1;
					};
					ED4F3FD72281031D006E9D41 = {
						CreatedOnToolsVersion = 10.2.1;
						TestTargetID = ED4F3FC32281031B006E9D41;
					};
					ED4F3FE22281031E006E9D41 = {
						CreatedOnToolsVersion = 10.2.1;
						TestTargetID = ED4F3FC32281031B006E9D41;
					};
				};
			};
			buildConfigurationList = ED4F3FBF2281031B006E9D41 /* Build configuration list for PBXProject "ParseChat" */;
			compatibilityVersion = "Xcode 9.3";
			developmentRegion = en;
			hasScannedForEncodings = 0;
			knownRegions = (
				en,
				Base,
			);
			mainGroup = ED4F3FBB2281031A006E9D41;
			productRefGroup = ED4F3FC52281031B006E9D41 /* Products */;
			projectDirPath = "";
			projectRoot = "";
			targets = (
				ED4F3FC32281031B006E9D41 /* ParseChat */,
				ED4F3FD72281031D006E9D41 /* ParseChatTests */,
				ED4F3FE22281031E006E9D41 /* ParseChatUITests */,
			);
		};
/* End PBXProject section */

/* Begin PBXResourcesBuildPhase section */
		ED4F3FC22281031B006E9D41 /* Resources */ = {
			isa = PBXResourcesBuildPhase;
			buildActionMask = 2147483647;
			files = (
				ED4F3FD22281031D006E9D41 /* LaunchScreen.storyboard in Resources */,
				ED4F3FCF2281031D006E9D41 /* Assets.xcassets in Resources */,
				ED4F3FCD2281031B006E9D41 /* Main.storyboard in Resources */,
			);
			runOnlyForDeploymentPostprocessing = 0;
		};
		ED4F3FD62281031D006E9D41 /* Resources */ = {
			isa = PBXResourcesBuildPhase;
			buildActionMask = 2147483647;
			files = (
			);
			runOnlyForDeploymentPostprocessing = 0;
		};
		ED4F3FE12281031E006E9D41 /* Resources */ = {
			isa = PBXResourcesBuildPhase;
			buildActionMask = 2147483647;
			files = (
			);
			runOnlyForDeploymentPostprocessing = 0;
		};
/* End PBXResourcesBuildPhase section */

/* Begin PBXShellScriptBuildPhase section */
		264B3371FC6E4353A1D37EB3 /* [CP] Embed Pods Frameworks */ = {
			isa = PBXShellScriptBuildPhase;
			buildActionMask = 2147483647;
			files = (
			);
			inputFileListPaths = (
				"${PODS_ROOT}/Target Support Files/Pods-ParseChat/Pods-ParseChat-frameworks-${CONFIGURATION}-input-files.xcfilelist",
			);
			name = "[CP] Embed Pods Frameworks";
			outputFileListPaths = (
				"${PODS_ROOT}/Target Support Files/Pods-ParseChat/Pods-ParseChat-frameworks-${CONFIGURATION}-output-files.xcfilelist",
			);
			runOnlyForDeploymentPostprocessing = 0;
			shellPath = /bin/sh;
			shellScript = "\"${PODS_ROOT}/Target Support Files/Pods-ParseChat/Pods-ParseChat-frameworks.sh\"\n";
			showEnvVarsInLog = 0;
		};
		3BB0F9898E70B1A131146BEF /* [CP] Check Pods Manifest.lock */ = {
			isa = PBXShellScriptBuildPhase;
			buildActionMask = 2147483647;
			files = (
			);
			inputFileListPaths = (
			);
			inputPaths = (
				"${PODS_PODFILE_DIR_PATH}/Podfile.lock",
				"${PODS_ROOT}/Manifest.lock",
			);
			name = "[CP] Check Pods Manifest.lock";
			outputFileListPaths = (
			);
			outputPaths = (
				"$(DERIVED_FILE_DIR)/Pods-ParseChat-checkManifestLockResult.txt",
			);
			runOnlyForDeploymentPostprocessing = 0;
			shellPath = /bin/sh;
			shellScript = "diff \"${PODS_PODFILE_DIR_PATH}/Podfile.lock\" \"${PODS_ROOT}/Manifest.lock\" > /dev/null\nif [ $? != 0 ] ; then\n    # print error to STDERR\n    echo \"error: The sandbox is not in sync with the Podfile.lock. Run 'pod install' or update your CocoaPods installation.\" >&2\n    exit 1\nfi\n# This output is used by Xcode 'outputs' to avoid re-running this script phase.\necho \"SUCCESS\" > \"${SCRIPT_OUTPUT_FILE_0}\"\n";
			showEnvVarsInLog = 0;
		};
		4A5C625C88EB2FC801F15493 /* [CP] Check Pods Manifest.lock */ = {
			isa = PBXShellScriptBuildPhase;
			buildActionMask = 2147483647;
			files = (
			);
			inputFileListPaths = (
			);
			inputPaths = (
				"${PODS_PODFILE_DIR_PATH}/Podfile.lock",
				"${PODS_ROOT}/Manifest.lock",
			);
			name = "[CP] Check Pods Manifest.lock";
			outputFileListPaths = (
			);
			outputPaths = (
				"$(DERIVED_FILE_DIR)/Pods-ParseChatUITests-checkManifestLockResult.txt",
			);
			runOnlyForDeploymentPostprocessing = 0;
			shellPath = /bin/sh;
			shellScript = "diff \"${PODS_PODFILE_DIR_PATH}/Podfile.lock\" \"${PODS_ROOT}/Manifest.lock\" > /dev/null\nif [ $? != 0 ] ; then\n    # print error to STDERR\n    echo \"error: The sandbox is not in sync with the Podfile.lock. Run 'pod install' or update your CocoaPods installation.\" >&2\n    exit 1\nfi\n# This output is used by Xcode 'outputs' to avoid re-running this script phase.\necho \"SUCCESS\" > \"${SCRIPT_OUTPUT_FILE_0}\"\n";
			showEnvVarsInLog = 0;
		};
		BA2A12633FEBFED6CDD4EA86 /* [CP] Check Pods Manifest.lock */ = {
			isa = PBXShellScriptBuildPhase;
			buildActionMask = 2147483647;
			files = (
			);
			inputFileListPaths = (
			);
			inputPaths = (
				"${PODS_PODFILE_DIR_PATH}/Podfile.lock",
				"${PODS_ROOT}/Manifest.lock",
			);
			name = "[CP] Check Pods Manifest.lock";
			outputFileListPaths = (
			);
			outputPaths = (
				"$(DERIVED_FILE_DIR)/Pods-ParseChatTests-checkManifestLockResult.txt",
			);
			runOnlyForDeploymentPostprocessing = 0;
			shellPath = /bin/sh;
			shellScript = "diff \"${PODS_PODFILE_DIR_PATH}/Podfile.lock\" \"${PODS_ROOT}/Manifest.lock\" > /dev/null\nif [ $? != 0 ] ; then\n    # print error to STDERR\n    echo \"error: The sandbox is not in sync with the Podfile.lock. Run 'pod install' or update your CocoaPods installation.\" >&2\n    exit 1\nfi\n# This output is used by Xcode 'outputs' to avoid re-running this script phase.\necho \"SUCCESS\" > \"${SCRIPT_OUTPUT_FILE_0}\"\n";
			showEnvVarsInLog = 0;
		};
/* End PBXShellScriptBuildPhase section */

/* Begin PBXSourcesBuildPhase section */
		ED4F3FC02281031B006E9D41 /* Sources */ = {
			isa = PBXSourcesBuildPhase;
			buildActionMask = 2147483647;
			files = (
				ED4F3FCA2281031B006E9D41 /* LoginViewController.swift in Sources */,
				ED3FF69E22837C2300A70714 /* CameraViewController.swift in Sources */,
				ED961FAA22861A4E00C45072 /* Constants.swift in Sources */,
				EDC9CF3F228144B100EF000F /* FeedViewController.swift in Sources */,
				ED4F3FC82281031B006E9D41 /* AppDelegate.swift in Sources */,
				ED3FF6A32283F43800A70714 /* PostCell.swift in Sources */,
				ED7E3D0B228642CA00895B55 /* CommentCell.swift in Sources */,
			);
			runOnlyForDeploymentPostprocessing = 0;
		};
		ED4F3FD42281031D006E9D41 /* Sources */ = {
			isa = PBXSourcesBuildPhase;
			buildActionMask = 2147483647;
			files = (
				ED4F3FDD2281031E006E9D41 /* ParseChatTests.swift in Sources */,
			);
			runOnlyForDeploymentPostprocessing = 0;
		};
		ED4F3FDF2281031E006E9D41 /* Sources */ = {
			isa = PBXSourcesBuildPhase;
			buildActionMask = 2147483647;
			files = (
				ED4F3FE82281031E006E9D41 /* ParseChatUITests.swift in Sources */,
			);
			runOnlyForDeploymentPostprocessing = 0;
		};
/* End PBXSourcesBuildPhase section */

/* Begin PBXTargetDependency section */
		ED4F3FDA2281031E006E9D41 /* PBXTargetDependency */ = {
			isa = PBXTargetDependency;
			target = ED4F3FC32281031B006E9D41 /* ParseChat */;
			targetProxy = ED4F3FD92281031E006E9D41 /* PBXContainerItemProxy */;
		};
		ED4F3FE52281031E006E9D41 /* PBXTargetDependency */ = {
			isa = PBXTargetDependency;
			target = ED4F3FC32281031B006E9D41 /* ParseChat */;
			targetProxy = ED4F3FE42281031E006E9D41 /* PBXContainerItemProxy */;
		};
/* End PBXTargetDependency section */

/* Begin PBXVariantGroup section */
		ED4F3FCB2281031B006E9D41 /* Main.storyboard */ = {
			isa = PBXVariantGroup;
			children = (
				ED4F3FCC2281031B006E9D41 /* Base */,
			);
			name = Main.storyboard;
			sourceTree = "<group>";
		};
		ED4F3FD02281031D006E9D41 /* LaunchScreen.storyboard */ = {
			isa = PBXVariantGroup;
			children = (
				ED4F3FD12281031D006E9D41 /* Base */,
			);
			name = LaunchScreen.storyboard;
			sourceTree = "<group>";
		};
/* End PBXVariantGroup section */

/* Begin XCBuildConfiguration section */
		ED4F3FEA2281031E006E9D41 /* Debug */ = {
			isa = XCBuildConfiguration;
			buildSettings = {
				ALWAYS_SEARCH_USER_PATHS = NO;
				CLANG_ANALYZER_NONNULL = YES;
				CLANG_ANALYZER_NUMBER_OBJECT_CONVERSION = YES_AGGRESSIVE;
				CLANG_CXX_LANGUAGE_STANDARD = "gnu++14";
				CLANG_CXX_LIBRARY = "libc++";
				CLANG_ENABLE_MODULES = YES;
				CLANG_ENABLE_OBJC_ARC = YES;
				CLANG_ENABLE_OBJC_WEAK = YES;
				CLANG_WARN_BLOCK_CAPTURE_AUTORELEASING = YES;
				CLANG_WARN_BOOL_CONVERSION = YES;
				CLANG_WARN_COMMA = YES;
				CLANG_WARN_CONSTANT_CONVERSION = YES;
				CLANG_WARN_DEPRECATED_OBJC_IMPLEMENTATIONS = YES;
				CLANG_WARN_DIRECT_OBJC_ISA_USAGE = YES_ERROR;
				CLANG_WARN_DOCUMENTATION_COMMENTS = YES;
				CLANG_WARN_EMPTY_BODY = YES;
				CLANG_WARN_ENUM_CONVERSION = YES;
				CLANG_WARN_INFINITE_RECURSION = YES;
				CLANG_WARN_INT_CONVERSION = YES;
				CLANG_WARN_NON_LITERAL_NULL_CONVERSION = YES;
				CLANG_WARN_OBJC_IMPLICIT_RETAIN_SELF = YES;
				CLANG_WARN_OBJC_LITERAL_CONVERSION = YES;
				CLANG_WARN_OBJC_ROOT_CLASS = YES_ERROR;
				CLANG_WARN_RANGE_LOOP_ANALYSIS = YES;
				CLANG_WARN_STRICT_PROTOTYPES = YES;
				CLANG_WARN_SUSPICIOUS_MOVE = YES;
				CLANG_WARN_UNGUARDED_AVAILABILITY = YES_AGGRESSIVE;
				CLANG_WARN_UNREACHABLE_CODE = YES;
				CLANG_WARN__DUPLICATE_METHOD_MATCH = YES;
				CODE_SIGN_IDENTITY = "iPhone Developer";
				COPY_PHASE_STRIP = NO;
				DEBUG_INFORMATION_FORMAT = dwarf;
				ENABLE_STRICT_OBJC_MSGSEND = YES;
				ENABLE_TESTABILITY = YES;
				GCC_C_LANGUAGE_STANDARD = gnu11;
				GCC_DYNAMIC_NO_PIC = NO;
				GCC_NO_COMMON_BLOCKS = YES;
				GCC_OPTIMIZATION_LEVEL = 0;
				GCC_PREPROCESSOR_DEFINITIONS = (
					"DEBUG=1",
					"$(inherited)",
				);
				GCC_WARN_64_TO_32_BIT_CONVERSION = YES;
				GCC_WARN_ABOUT_RETURN_TYPE = YES_ERROR;
				GCC_WARN_UNDECLARED_SELECTOR = YES;
				GCC_WARN_UNINITIALIZED_AUTOS = YES_AGGRESSIVE;
				GCC_WARN_UNUSED_FUNCTION = YES;
				GCC_WARN_UNUSED_VARIABLE = YES;
				IPHONEOS_DEPLOYMENT_TARGET = 12.2;
				MTL_ENABLE_DEBUG_INFO = INCLUDE_SOURCE;
				MTL_FAST_MATH = YES;
				ONLY_ACTIVE_ARCH = YES;
				SDKROOT = iphoneos;
				SWIFT_ACTIVE_COMPILATION_CONDITIONS = DEBUG;
				SWIFT_OPTIMIZATION_LEVEL = "-Onone";
			};
			name = Debug;
		};
		ED4F3FEB2281031E006E9D41 /* Release */ = {
			isa = XCBuildConfiguration;
			buildSettings = {
				ALWAYS_SEARCH_USER_PATHS = NO;
				CLANG_ANALYZER_NONNULL = YES;
				CLANG_ANALYZER_NUMBER_OBJECT_CONVERSION = YES_AGGRESSIVE;
				CLANG_CXX_LANGUAGE_STANDARD = "gnu++14";
				CLANG_CXX_LIBRARY = "libc++";
				CLANG_ENABLE_MODULES = YES;
				CLANG_ENABLE_OBJC_ARC = YES;
				CLANG_ENABLE_OBJC_WEAK = YES;
				CLANG_WARN_BLOCK_CAPTURE_AUTORELEASING = YES;
				CLANG_WARN_BOOL_CONVERSION = YES;
				CLANG_WARN_COMMA = YES;
				CLANG_WARN_CONSTANT_CONVERSION = YES;
				CLANG_WARN_DEPRECATED_OBJC_IMPLEMENTATIONS = YES;
				CLANG_WARN_DIRECT_OBJC_ISA_USAGE = YES_ERROR;
				CLANG_WARN_DOCUMENTATION_COMMENTS = YES;
				CLANG_WARN_EMPTY_BODY = YES;
				CLANG_WARN_ENUM_CONVERSION = YES;
				CLANG_WARN_INFINITE_RECURSION = YES;
				CLANG_WARN_INT_CONVERSION = YES;
				CLANG_WARN_NON_LITERAL_NULL_CONVERSION = YES;
				CLANG_WARN_OBJC_IMPLICIT_RETAIN_SELF = YES;
				CLANG_WARN_OBJC_LITERAL_CONVERSION = YES;
				CLANG_WARN_OBJC_ROOT_CLASS = YES_ERROR;
				CLANG_WARN_RANGE_LOOP_ANALYSIS = YES;
				CLANG_WARN_STRICT_PROTOTYPES = YES;
				CLANG_WARN_SUSPICIOUS_MOVE = YES;
				CLANG_WARN_UNGUARDED_AVAILABILITY = YES_AGGRESSIVE;
				CLANG_WARN_UNREACHABLE_CODE = YES;
				CLANG_WARN__DUPLICATE_METHOD_MATCH = YES;
				CODE_SIGN_IDENTITY = "iPhone Developer";
				COPY_PHASE_STRIP = NO;
				DEBUG_INFORMATION_FORMAT = "dwarf-with-dsym";
				ENABLE_NS_ASSERTIONS = NO;
				ENABLE_STRICT_OBJC_MSGSEND = YES;
				GCC_C_LANGUAGE_STANDARD = gnu11;
				GCC_NO_COMMON_BLOCKS = YES;
				GCC_WARN_64_TO_32_BIT_CONVERSION = YES;
				GCC_WARN_ABOUT_RETURN_TYPE = YES_ERROR;
				GCC_WARN_UNDECLARED_SELECTOR = YES;
				GCC_WARN_UNINITIALIZED_AUTOS = YES_AGGRESSIVE;
				GCC_WARN_UNUSED_FUNCTION = YES;
				GCC_WARN_UNUSED_VARIABLE = YES;
				IPHONEOS_DEPLOYMENT_TARGET = 12.2;
				MTL_ENABLE_DEBUG_INFO = NO;
				MTL_FAST_MATH = YES;
				SDKROOT = iphoneos;
				SWIFT_COMPILATION_MODE = wholemodule;
				SWIFT_OPTIMIZATION_LEVEL = "-O";
				VALIDATE_PRODUCT = YES;
			};
			name = Release;
		};
		ED4F3FED2281031E006E9D41 /* Debug */ = {
			isa = XCBuildConfiguration;
			baseConfigurationReference = EEE80DA9DFE268F9BE88AB3B /* Pods-ParseChat.debug.xcconfig */;
			buildSettings = {
				ASSETCATALOG_COMPILER_APPICON_NAME = AppIcon;
				CODE_SIGN_STYLE = Automatic;
				DEVELOPMENT_TEAM = 2Y7PPXA97Y;
				INFOPLIST_FILE = ParseChat/Info.plist;
				LD_RUNPATH_SEARCH_PATHS = (
					"$(inherited)",
					"@executable_path/Frameworks",
				);
				PRODUCT_BUNDLE_IDENTIFIER = com.darrelmuonekwu.ParseChat;
				PRODUCT_NAME = "$(TARGET_NAME)";
				SWIFT_VERSION = 5.0;
				TARGETED_DEVICE_FAMILY = "1,2";
			};
			name = Debug;
		};
		ED4F3FEE2281031E006E9D41 /* Release */ = {
			isa = XCBuildConfiguration;
			baseConfigurationReference = EA4B9F79B38EFF31FC1108CA /* Pods-ParseChat.release.xcconfig */;
			buildSettings = {
				ASSETCATALOG_COMPILER_APPICON_NAME = AppIcon;
				CODE_SIGN_STYLE = Automatic;
				DEVELOPMENT_TEAM = 2Y7PPXA97Y;
				INFOPLIST_FILE = ParseChat/Info.plist;
				LD_RUNPATH_SEARCH_PATHS = (
					"$(inherited)",
					"@executable_path/Frameworks",
				);
				PRODUCT_BUNDLE_IDENTIFIER = com.darrelmuonekwu.ParseChat;
				PRODUCT_NAME = "$(TARGET_NAME)";
				SWIFT_VERSION = 5.0;
				TARGETED_DEVICE_FAMILY = "1,2";
			};
			name = Release;
		};
		ED4F3FF02281031E006E9D41 /* Debug */ = {
			isa = XCBuildConfiguration;
			baseConfigurationReference = E12919BA3FA8725561D7A735 /* Pods-ParseChatTests.debug.xcconfig */;
			buildSettings = {
				ALWAYS_EMBED_SWIFT_STANDARD_LIBRARIES = YES;
				BUNDLE_LOADER = "$(TEST_HOST)";
				CODE_SIGN_STYLE = Automatic;
				DEVELOPMENT_TEAM = 2Y7PPXA97Y;
				INFOPLIST_FILE = ParseChatTests/Info.plist;
				LD_RUNPATH_SEARCH_PATHS = (
					"$(inherited)",
					"@executable_path/Frameworks",
					"@loader_path/Frameworks",
				);
				PRODUCT_BUNDLE_IDENTIFIER = com.darrelmuonekwu.ParseChatTests;
				PRODUCT_NAME = "$(TARGET_NAME)";
				SWIFT_VERSION = 5.0;
				TARGETED_DEVICE_FAMILY = "1,2";
				TEST_HOST = "$(BUILT_PRODUCTS_DIR)/ParseChat.app/ParseChat";
			};
			name = Debug;
		};
		ED4F3FF12281031E006E9D41 /* Release */ = {
			isa = XCBuildConfiguration;
			baseConfigurationReference = C520A1816A2071075D2A69FE /* Pods-ParseChatTests.release.xcconfig */;
			buildSettings = {
				ALWAYS_EMBED_SWIFT_STANDARD_LIBRARIES = YES;
				BUNDLE_LOADER = "$(TEST_HOST)";
				CODE_SIGN_STYLE = Automatic;
				DEVELOPMENT_TEAM = 2Y7PPXA97Y;
				INFOPLIST_FILE = ParseChatTests/Info.plist;
				LD_RUNPATH_SEARCH_PATHS = (
					"$(inherited)",
					"@executable_path/Frameworks",
					"@loader_path/Frameworks",
				);
				PRODUCT_BUNDLE_IDENTIFIER = com.darrelmuonekwu.ParseChatTests;
				PRODUCT_NAME = "$(TARGET_NAME)";
				SWIFT_VERSION = 5.0;
				TARGETED_DEVICE_FAMILY = "1,2";
				TEST_HOST = "$(BUILT_PRODUCTS_DIR)/ParseChat.app/ParseChat";
			};
			name = Release;
		};
		ED4F3FF32281031E006E9D41 /* Debug */ = {
			isa = XCBuildConfiguration;
			baseConfigurationReference = 7D2E2D4CC7D271488B71FD46 /* Pods-ParseChatUITests.debug.xcconfig */;
			buildSettings = {
				ALWAYS_EMBED_SWIFT_STANDARD_LIBRARIES = YES;
				CODE_SIGN_STYLE = Automatic;
				DEVELOPMENT_TEAM = 2Y7PPXA97Y;
				INFOPLIST_FILE = ParseChatUITests/Info.plist;
				LD_RUNPATH_SEARCH_PATHS = (
					"$(inherited)",
					"@executable_path/Frameworks",
					"@loader_path/Frameworks",
				);
				PRODUCT_BUNDLE_IDENTIFIER = com.darrelmuonekwu.ParseChatUITests;
				PRODUCT_NAME = "$(TARGET_NAME)";
				SWIFT_VERSION = 5.0;
				TARGETED_DEVICE_FAMILY = "1,2";
				TEST_TARGET_NAME = ParseChat;
			};
			name = Debug;
		};
		ED4F3FF42281031E006E9D41 /* Release */ = {
			isa = XCBuildConfiguration;
			baseConfigurationReference = 6E8E99018A1C32B0EE569970 /* Pods-ParseChatUITests.release.xcconfig */;
			buildSettings = {
				ALWAYS_EMBED_SWIFT_STANDARD_LIBRARIES = YES;
				CODE_SIGN_STYLE = Automatic;
				DEVELOPMENT_TEAM = 2Y7PPXA97Y;
				INFOPLIST_FILE = ParseChatUITests/Info.plist;
				LD_RUNPATH_SEARCH_PATHS = (
					"$(inherited)",
					"@executable_path/Frameworks",
					"@loader_path/Frameworks",
				);
				PRODUCT_BUNDLE_IDENTIFIER = com.darrelmuonekwu.ParseChatUITests;
				PRODUCT_NAME = "$(TARGET_NAME)";
				SWIFT_VERSION = 5.0;
				TARGETED_DEVICE_FAMILY = "1,2";
				TEST_TARGET_NAME = ParseChat;
			};
			name = Release;
		};
/* End XCBuildConfiguration section */

/* Begin XCConfigurationList section */
		ED4F3FBF2281031B006E9D41 /* Build configuration list for PBXProject "ParseChat" */ = {
			isa = XCConfigurationList;
			buildConfigurations = (
				ED4F3FEA2281031E006E9D41 /* Debug */,
				ED4F3FEB2281031E006E9D41 /* Release */,
			);
			defaultConfigurationIsVisible = 0;
			defaultConfigurationName = Release;
		};
		ED4F3FEC2281031E006E9D41 /* Build configuration list for PBXNativeTarget "ParseChat" */ = {
			isa = XCConfigurationList;
			buildConfigurations = (
				ED4F3FED2281031E006E9D41 /* Debug */,
				ED4F3FEE2281031E006E9D41 /* Release */,
			);
			defaultConfigurationIsVisible = 0;
			defaultConfigurationName = Release;
		};
		ED4F3FEF2281031E006E9D41 /* Build configuration list for PBXNativeTarget "ParseChatTests" */ = {
			isa = XCConfigurationList;
			buildConfigurations = (
				ED4F3FF02281031E006E9D41 /* Debug */,
				ED4F3FF12281031E006E9D41 /* Release */,
			);
			defaultConfigurationIsVisible = 0;
			defaultConfigurationName = Release;
		};
		ED4F3FF22281031E006E9D41 /* Build configuration list for PBXNativeTarget "ParseChatUITests" */ = {
			isa = XCConfigurationList;
			buildConfigurations = (
				ED4F3FF32281031E006E9D41 /* Debug */,
				ED4F3FF42281031E006E9D41 /* Release */,
			);
			defaultConfigurationIsVisible = 0;
			defaultConfigurationName = Release;
		};
/* End XCConfigurationList section */
	};
	rootObject = ED4F3FBC2281031A006E9D41 /* Project object */;
}
